github.com/aws/aws-sdk-go-v2 v1.23.1 h1:qXaFsOOMA+HsZtX8WoCa+gJnbyW7qyFFBlPqvTSzbaI=
github.com/aws/aws-sdk-go-v2 v1.23.1/go.mod h1:i1XDttT4rnf6vxc9AuskLc6s7XBee8rlLilKlc03uAA=
github.com/aws/aws-sdk-go-v2 v1.30.3 h1:jUeBtG0Ih+ZIFH0F4UkmL9w3cSpaMv9tYYDbzILP8dY=
github.com/aws/aws-sdk-go-v2 v1.30.3/go.mod h1:nIQjQVp5sfpQcTc9mPSr1B0PaWK5ByX9MOoDadSN4lc=
github.com/aws/aws-sdk-go-v2/aws/protocol/eventstream v1.5.1 h1:ZY3108YtBNq96jNZTICHxN1gSBSbnvIdYwwqnvCV4Mc=
github.com/aws/aws-sdk-go-v2/aws/protocol/eventstream v1.5.1/go.mod h1:t8PYl/6LzdAqsU4/9tz28V/kU+asFePvpOMkdul0gEQ=
github.com/aws/aws-sdk-go-v2/aws/protocol/eventstream v1.6.3 h1:tW1/Rkad38LA15X4UQtjXZXNKsCgkshC3EbmcUmghTg=
github.com/aws/aws-sdk-go-v2/aws/protocol/eventstream v1.6.3/go.mod h1:UbnqO+zjqk3uIt9yCACHJ9IVNhyhOCnYk8yA19SAWrM=
github.com/aws/aws-sdk-go-v2/config v1.25.4 h1:r+X1x8QI6FEPdJDWCNBDZHyAcyFwSjHN8q8uuus+Axs=
github.com/aws/aws-sdk-go-v2/config v1.27.26 h1:T1kAefbKuNum/AbShMsZEro6eRkeOT8YILfE9wyjAYQ=
github.com/aws/aws-sdk-go-v2/credentials v1.16.3 h1:8PeI2krzzjDJ5etmgaMiD1JswsrLrWvKKu/uBUtNy1g=
github.com/aws/aws-sdk-go-v2/credentials v1.17.26 h1:tsm8g/nJxi8+/7XyJJcP2dLrnK/5rkFp6+i2nhmz5fk=
github.com/aws/aws-sdk-go-v2/feature/ec2/imds v1.14.5 h1:KehRNiVzIfAcj6gw98zotVbb/K67taJE0fkfgM6vzqU=
github.com/aws/aws-sdk-go-v2/feature/ec2/imds v1.16.11 h1:KreluoV8FZDEtI6Co2xuNk/UqI9iwMrOx/87PBNIKqw=
github.com/aws/aws-sdk-go-v2/feature/s3/manager v1.14.1 h1:AozIaYZ7g0qxdaA5CbJwtcZKKsopcZ/Xea8XdLPsHu8=
github.com/aws/aws-sdk-go-v2/feature/s3/manager v1.14.1/go.mod h1:WgrpsWiiOlz+gpdPuhHylSItxh3gXMgW03Qfj3a21uA=
github.com/aws/aws-sdk-go-v2/feature/s3/manager v1.17.7 h1:kNemAUX+bJFBSfPkGVZ8HFOKIadjLoI2Ua1ZKivhGSo=
github.com/aws/aws-sdk-go-v2/feature/s3/manager v1.17.7/go.mod h1:71S2C1g/Zjn+ANmyoOqJ586OrPF9uC9iiHt9ZAT+MOw=
github.com/aws/aws-sdk-go-v2/internal/configsources v1.2.4 h1:LAm3Ycm9HJfbSCd5I+wqC2S9Ej7FPrgr5CQoOljJZcE=
github.com/aws/aws-sdk-go-v2/internal/configsources v1.2.4/go.mod h1:xEhvbJcyUf/31yfGSQBe01fukXwXJ0gxDp7rLfymWE0=
github.com/aws/aws-sdk-go-v2/internal/configsources v1.3.15 h1:SoNJ4RlFEQEbtDcCEt+QG56MY4fm4W8rYirAmq+/DdU=
github.com/aws/aws-sdk-go-v2/internal/configsources v1.3.15/go.mod h1:U9ke74k1n2bf+RIgoX1SXFed1HLs51OgUSs+Ph0KJP8=
github.com/aws/aws-sdk-go-v2/internal/endpoints/v2 v2.5.4 h1:4GV0kKZzUxiWxSVpn/9gwR0g21NF1Jsyduzo9rHgC/Q=
github.com/aws/aws-sdk-go-v2/internal/endpoints/v2 v2.5.4/go.mod h1:dYvTNAggxDZy6y1AF7YDwXsPuHFy/VNEpEI/2dWK9IU=
github.com/aws/aws-sdk-go-v2/internal/endpoints/v2 v2.6.15 h1:C6WHdGnTDIYETAm5iErQUiVNsclNx9qbJVPIt03B6bI=
github.com/aws/aws-sdk-go-v2/internal/endpoints/v2 v2.6.15/go.mod h1:ZQLZqhcu+JhSrA9/NXRm8SkDvsycE+JkV3WGY41e+IM=
github.com/aws/aws-sdk-go-v2/internal/ini v1.7.1 h1:uR9lXYjdPX0xY+NhvaJ4dD8rpSRz5VY81ccIIoNG+lw=
github.com/aws/aws-sdk-go-v2/internal/ini v1.8.0 h1:hT8rVHwugYE2lEfdFE0QWVo81lF7jMrYJVDWI+f+VxU=
github.com/aws/aws-sdk-go-v2/internal/v4a v1.2.4 h1:40Q4X5ebZruRtknEZH/bg91sT5pR853F7/1X9QRbI54=
github.com/aws/aws-sdk-go-v2/internal/v4a v1.2.4/go.mod h1:u77N7eEECzUv7F0xl2gcfK/vzc8wcjWobpy+DcrLJ5E=
github.com/aws/aws-sdk-go-v2/internal/v4a v1.3.15 h1:Z5r7SycxmSllHYmaAZPpmN8GviDrSGhMS6bldqtXZPw=
github.com/aws/aws-sdk-go-v2/internal/v4a v1.3.15/go.mod h1:CetW7bDE00QoGEmPUoZuRog07SGVAUVW6LFpNP0YfIg=
github.com/aws/aws-sdk-go-v2/service/internal/accept-encoding v1.10.1 h1:rpkF4n0CyFcrJUG/rNNohoTmhtWlFTRI4BsZOh9PvLs=
github.com/aws/aws-sdk-go-v2/service/internal/accept-encoding v1.10.1/go.mod h1:l9ymW25HOqymeU2m1gbUQ3rUIsTwKs8gYHXkqDQUhiI=
github.com/aws/aws-sdk-go-v2/service/internal/accept-encoding v1.11.3 h1:dT3MqvGhSoaIhRseqw2I0yH81l7wiR2vjs57O51EAm8=
github.com/aws/aws-sdk-go-v2/service/internal/accept-encoding v1.11.3/go.mod h1:GlAeCkHwugxdHaueRr4nhPuY+WW+gR8UjlcqzPr1SPI=
github.com/aws/aws-sdk-go-v2/service/internal/checksum v1.2.4 h1:6DRKQc+9cChgzL5gplRGusI5dBGeiEod4m/pmGbcX48=
github.com/aws/aws-sdk-go-v2/service/internal/checksum v1.2.4/go.mod h1:s8ORvrW4g4v7IvYKIAoBg17w3GQ+XuwXDXYrQ5SkzU0=
github.com/aws/aws-sdk-go-v2/service/internal/checksum v1.3.17 h1:YPYe6ZmvUfDDDELqEKtAd6bo8zxhkm+XEFEzQisqUIE=
github.com/aws/aws-sdk-go-v2/service/internal/checksum v1.3.17/go.mod h1:oBtcnYua/CgzCWYN7NZ5j7PotFDaFSUjCYVTtfyn7vw=
github.com/aws/aws-sdk-go-v2/service/internal/presigned-url v1.10.4 h1:rdovz3rEu0vZKbzoMYPTehp0E8veoE9AyfzqCr5Eeao=
github.com/aws/aws-sdk-go-v2/service/internal/presigned-url v1.10.4/go.mod h1:aYCGNjyUCUelhofxlZyj63srdxWUSsBSGg5l6MCuXuE=
github.com/aws/aws-sdk-go-v2/service/internal/presigned-url v1.11.17 h1:HGErhhrxZlQ044RiM+WdoZxp0p+EGM62y3L6pwA4olE=
github.com/aws/aws-sdk-go-v2/service/internal/presigned-url v1.11.17/go.mod h1:RkZEx4l0EHYDJpWppMJ3nD9wZJAa8/0lq9aVC+r2UII=
github.com/aws/aws-sdk-go-v2/service/internal/s3shared v1.16.4 h1:o3DcfCxGDIT20pTbVKVhp3vWXOj/VvgazNJvumWeYW0=
github.com/aws/aws-sdk-go-v2/service/internal/s3shared v1.16.4/go.mod h1:Uy0KVOxuTK2ne+/PKQ+VvEeWmjMMksE17k/2RK/r5oM=
github.com/aws/aws-sdk-go-v2/service/internal/s3shared v1.17.15 h1:246A4lSTXWJw/rmlQI+TT2OcqeDMKBdyjEQrafMaQdA=
github.com/aws/aws-sdk-go-v2/service/internal/s3shared v1.17.15/go.mod h1:haVfg3761/WF7YPuJOER2MP0k4UAXyHaLclKXB6usDg=
github.com/aws/aws-sdk-go-v2/service/s3 v1.43.1 h1:1w11lfXOa8HoHoSlNtt4mqv/N3HmDOa+OnUH3Y9DHm8=
github.com/aws/aws-sdk-go-v2/service/s3 v1.43.1/go.mod h1:dqJ5JBL0clzgHriH35Amx3LRFY6wNIPUX7QO/BerSBo=
github.com/aws/aws-sdk-go-v2/service/s3 v1.58.2 h1:sZXIzO38GZOU+O0C+INqbH7C2yALwfMWpd64tONS/NE=
github.com/aws/aws-sdk-go-v2/service/s3 v1.58.2/go.mod h1:Lcxzg5rojyVPU/0eFwLtcyTaek/6Mtic5B1gJo7e/zE=
github.com/aws/aws-sdk-go-v2/service/sso v1.17.3 h1:CdsSOGlFF3Pn+koXOIpTtvX7st0IuGsZ8kJqcWMlX54=
github.com/aws/aws-sdk-go-v2/service/sso v1.22.3 h1:Fv1vD2L65Jnp5QRsdiM64JvUM4Xe+E0JyVsRQKv6IeA=
github.com/aws/aws-sdk-go-v2/service/ssooidc v1.20.1 h1:cbRqFTVnJV+KRpwFl76GJdIZJKKCdTPnjUZ7uWh3pIU=
github.com/aws/aws-sdk-go-v2/service/ssooidc v1.26.4 h1:yiwVzJW2ZxZTurVbYWA7QOrAaCYQR72t0wrSBfoesUE=
github.com/aws/aws-sdk-go-v2/service/sts v1.25.4 h1:yEvZ4neOQ/KpUqyR+X0ycUTW/kVRNR4nDZ38wStHGAA=
github.com/aws/aws-sdk-go-v2/service/sts v1.30.3 h1:ZsDKRLXGWHk8WdtyYMoGNO7bTudrvuKpDKgMVRlepGE=
github.com/aws/smithy-go v1.17.0 h1:wWJD7LX6PBV6etBUwO0zElG0nWN9rUhp0WdYeHSHAaI=
github.com/aws/smithy-go v1.17.0/go.mod h1:NukqUGpCZIILqqiV0NIjeFh24kd/FAa4beRb6nbIUPE=
github.com/aws/smithy-go v1.20.3 h1:ryHwveWzPV5BIof6fyDvor6V3iUL7nTfiTKXHiW05nE=
github.com/aws/smithy-go v1.20.3/go.mod h1:krry+ya/rV9RDcV/Q16kpu6ypI4K2czasz0NC3qS14E=
github.com/davecgh/go-spew v1.1.0/go.mod h1:J7Y8YcW2NihsgmVo/mv3lAwl/skON4iLHjSsI+c5H38=
github.com/davecgh/go-spew v1.1.1 h1:vj9j/u1bqnvCEfJOwUhtlOARqs3+rkHYY13jYWTU97c=
github.com/davecgh/go-spew v1.1.1/go.mod h1:J7Y8YcW2NihsgmVo/mv3lAwl/skON4iLHjSsI+c5H38=
github.com/eikenb/pipeat v0.0.0-20210730190139-06b3e6902001 h1:/ZshrfQzayqRSBDodmp3rhNCHJCff+utvgBuWRbiqu4=
github.com/eikenb/pipeat v0.0.0-20210730190139-06b3e6902001/go.mod h1:kltMsfRMTHSFdMbK66XdS8mfMW77+FZA1fGY1xYMF84=
github.com/google/go-cmp v0.5.8 h1:e6P7q2lk1O+qJJb4BtCQXlK8vWEO8V1ZeuEdJNOqZyg=
github.com/jmespath/go-jmespath v0.4.0 h1:BEgLn5cpjn8UN1mAw4NjwDrS35OdebyEtFe+9YPoQUg=
github.com/jmespath/go-jmespath v0.4.0/go.mod h1:T8mJZnbsbmF+m6zOOFylbeCJqk5+pHWvzYPziyZiYoo=
github.com/jmespath/go-jmespath/internal/testify v1.5.1 h1:shLQSRRSCCPj3f2gpwzGwWFoC7ycTf1rcQZHOlsJ6N8=
github.com/jmespath/go-jmespath/internal/testify v1.5.1/go.mod h1:L3OGu8Wl2/fWfCI6z80xFu9LTZmf1ZRjMHUOPmWr69U=
github.com/pmezard/go-difflib v1.0.0 h1:4DBwDE0NGyQoBHbLQYPwSUPoCMWR5BEzIk/f1lZbAQM=
github.com/pmezard/go-difflib v1.0.0/go.mod h1:iKH77koFhYxTK1pcRnkKkqfTogsbg7gZNVY4sRDYZ/4=
github.com/stretchr/objx v0.1.0/go.mod h1:HFkY916IF+rwdDfMAkV7OtwuqBVzrE8GR6GFx+wExME=
github.com/stretchr/testify v1.7.0/go.mod h1:6Fq8oRcR53rry900zMqJjRRixrwX3KX962/h/Wwjteg=
github.com/stretchr/testify v1.7.1 h1:5TQK59W5E3v0r2duFAb7P95B6hEeOyEnHRa8MjYSMTY=
github.com/stretchr/testify v1.7.1/go.mod h1:6Fq8oRcR53rry900zMqJjRRixrwX3KX962/h/Wwjteg=
golang.org/x/sys v0.0.0-20210601080250-7ecdf8ef093b/go.mod h1:oPkhp1MJrh7nUepCBck5+mAzfO9JrbApNNgaTdGDITg=
golang.org/x/sys v0.14.0 h1:Vz7Qs629MkJkGyHxUlRHizWJRG2j8fbQKjELVSNhy7Q=
golang.org/x/sys v0.14.0/go.mod h1:/VUhepiaJMQUp4+oa/7Zr1D23ma6VTLIYjOOTFZPUcA=
golang.org/x/sys v0.22.0 h1:RI27ohtqKCnwULzJLqkv897zojh5/DwS/ENaMzUOaWI=
golang.org/x/sys v0.22.0/go.mod h1:/VUhepiaJMQUp4+oa/7Zr1D23ma6VTLIYjOOTFZPUcA=
gopkg.in/check.v1 v0.0.0-20161208181325-20d25e280405/go.mod h1:Co6ibVJAznAaIkqp8huTwlJQCZ016jof/cbN4VW5Yz0=
gopkg.in/yaml.v2 v2.2.8 h1:obN1ZagJSUGI0Ek/LBmuj4SNLPfIny3KsKFopxRdj10=
gopkg.in/yaml.v2 v2.2.8/go.mod h1:hI93XBmqTisBFMUTm0b8Fm+jr3Dg1NNxqwp+5A1VGuI=
gopkg.in/yaml.v3 v3.0.0-20200313102051-9f266ea9e77c h1:dUUwHk2QECo/6vqA44rthZ8ie2QXMNeKRTHCNY2nXvo=
gopkg.in/yaml.v3 v3.0.0-20200313102051-9f266ea9e77c/go.mod h1:K4uyk7z7BCEPqu6E+C64Yfv1cQ7kz7rIZviUmN+EgEM=
