github.com/Azure/go-ansiterm v0.0.0-20230124172434-306776ec8161 h1:L/gRVlceqvL25UVaW/CKtUDjefjrs0SPonmDGUVOYP0=
github.com/Azure/go-ansiterm v0.0.0-20230124172434-306776ec8161/go.mod h1:xomTg63KZ2rFqZQzSB4Vz2SUXa1BpHTVz9L5PTmPC4E=
github.com/Microsoft/go-winio v0.6.1 h1:9/kr64B9VUZrLm5YYwbGtUJnMgqWVOdUAXu6Migciow=
github.com/Microsoft/go-winio v0.6.1/go.mod h1:LRdKpFKfdobln8UmuiYcKPot9D2v6svN5+sAH+4kjUM=
github.com/Nvveen/Gotty v0.0.0-20120604004816-cd527374f1e5 h1:TngWCqHvy9oXAN6lEVMRuU21PR1EtLVZJmdB18Gu3Rw=
github.com/Nvveen/Gotty v0.0.0-20120604004816-cd527374f1e5/go.mod h1:lmUJ/7eu/Q8D7ML55dXQrVaamCz2vxCfdQBasLZfHKk=
github.com/aws/aws-sdk-go-v2 v1.18.1 h1:+tefE750oAb7ZQGzla6bLkOwfcQCEtC5y2RqoqCeqKo=
github.com/aws/aws-sdk-go-v2 v1.18.1/go.mod h1:uzbQtefpm44goOPmdKyAlXSNcwlRgF3ePWVW6EtJvvw=
github.com/aws/aws-sdk-go-v2 v1.23.1 h1:qXaFsOOMA+HsZtX8WoCa+gJnbyW7qyFFBlPqvTSzbaI=
github.com/aws/aws-sdk-go-v2 v1.23.1/go.mod h1:i1XDttT4rnf6vxc9AuskLc6s7XBee8rlLilKlc03uAA=
github.com/aws/aws-sdk-go-v2/aws/protocol/eventstream v1.4.10 h1:dK82zF6kkPeCo8J1e+tGx4JdvDIQzj7ygIoLg8WMuGs=
github.com/aws/aws-sdk-go-v2/aws/protocol/eventstream v1.4.10/go.mod h1:VeTZetY5KRJLuD/7fkQXMU6Mw7H5m/KP2J5Iy9osMno=
github.com/aws/aws-sdk-go-v2/aws/protocol/eventstream v1.5.1 h1:ZY3108YtBNq96jNZTICHxN1gSBSbnvIdYwwqnvCV4Mc=
github.com/aws/aws-sdk-go-v2/aws/protocol/eventstream v1.5.1/go.mod h1:t8PYl/6LzdAqsU4/9tz28V/kU+asFePvpOMkdul0gEQ=
github.com/aws/aws-sdk-go-v2/config v1.18.27 h1:Az9uLwmssTE6OGTpsFqOnaGpLnKDqNYOJzWuC6UAYzA=
github.com/aws/aws-sdk-go-v2/config v1.18.27/go.mod h1:0My+YgmkGxeqjXZb5BYme5pc4drjTnM+x1GJ3zv42Nw=
github.com/aws/aws-sdk-go-v2/config v1.25.4 h1:r+X1x8QI6FEPdJDWCNBDZHyAcyFwSjHN8q8uuus+Axs=
github.com/aws/aws-sdk-go-v2/config v1.25.4/go.mod h1:8GTjImECskr7D88P/Nn9uM4M4rLY9i77hLJZgkZEWV8=
github.com/aws/aws-sdk-go-v2/credentials v1.13.26 h1:qmU+yhKmOCyujmuPY7tf5MxR/RKyZrOPO3V4DobiTUk=
github.com/aws/aws-sdk-go-v2/credentials v1.13.26/go.mod h1:GoXt2YC8jHUBbA4jr+W3JiemnIbkXOfxSXcisUsZ3os=
github.com/aws/aws-sdk-go-v2/credentials v1.16.3 h1:8PeI2krzzjDJ5etmgaMiD1JswsrLrWvKKu/uBUtNy1g=
github.com/aws/aws-sdk-go-v2/credentials v1.16.3/go.mod h1:Kdh/okh+//vQ/AjEt81CjvkTo64+/zIE4OewP7RpfXk=
github.com/aws/aws-sdk-go-v2/feature/ec2/imds v1.13.4 h1:LxK/bitrAr4lnh9LnIS6i7zWbCOdMsfzKFBI6LUCS0I=
github.com/aws/aws-sdk-go-v2/feature/ec2/imds v1.13.4/go.mod h1:E1hLXN/BL2e6YizK1zFlYd8vsfi2GTjbjBazinMmeaM=
github.com/aws/aws-sdk-go-v2/feature/ec2/imds v1.14.5 h1:KehRNiVzIfAcj6gw98zotVbb/K67taJE0fkfgM6vzqU=
github.com/aws/aws-sdk-go-v2/feature/ec2/imds v1.14.5/go.mod h1:VhnExhw6uXy9QzetvpXDolo1/hjhx4u9qukBGkuUwjs=
github.com/aws/aws-sdk-go-v2/feature/s3/manager v1.11.70 h1:4bh28MeeXoBFTjb0JjQ5sVatzlf5xA1DziV8mZed9v4=
github.com/aws/aws-sdk-go-v2/feature/s3/manager v1.11.70/go.mod h1:9yI5NXzqy2yOiMytv6QLZHvlyHLwYxO9iIq+bZIbrFg=
github.com/aws/aws-sdk-go-v2/feature/s3/manager v1.14.1 h1:AozIaYZ7g0qxdaA5CbJwtcZKKsopcZ/Xea8XdLPsHu8=
github.com/aws/aws-sdk-go-v2/feature/s3/manager v1.14.1/go.mod h1:WgrpsWiiOlz+gpdPuhHylSItxh3gXMgW03Qfj3a21uA=
github.com/aws/aws-sdk-go-v2/internal/configsources v1.1.34 h1:A5UqQEmPaCFpedKouS4v+dHCTUo2sKqhoKO9U5kxyWo=
github.com/aws/aws-sdk-go-v2/internal/configsources v1.1.34/go.mod h1:wZpTEecJe0Btj3IYnDx/VlUzor9wm3fJHyvLpQF0VwY=
github.com/aws/aws-sdk-go-v2/internal/configsources v1.2.4 h1:LAm3Ycm9HJfbSCd5I+wqC2S9Ej7FPrgr5CQoOljJZcE=
github.com/aws/aws-sdk-go-v2/internal/configsources v1.2.4/go.mod h1:xEhvbJcyUf/31yfGSQBe01fukXwXJ0gxDp7rLfymWE0=
github.com/aws/aws-sdk-go-v2/internal/endpoints/v2 v2.4.28 h1:srIVS45eQuewqz6fKKu6ZGXaq6FuFg5NzgQBAM6g8Y4=
github.com/aws/aws-sdk-go-v2/internal/endpoints/v2 v2.4.28/go.mod h1:7VRpKQQedkfIEXb4k52I7swUnZP0wohVajJMRn3vsUw=
github.com/aws/aws-sdk-go-v2/internal/endpoints/v2 v2.5.4 h1:4GV0kKZzUxiWxSVpn/9gwR0g21NF1Jsyduzo9rHgC/Q=
github.com/aws/aws-sdk-go-v2/internal/endpoints/v2 v2.5.4/go.mod h1:dYvTNAggxDZy6y1AF7YDwXsPuHFy/VNEpEI/2dWK9IU=
github.com/aws/aws-sdk-go-v2/internal/ini v1.3.35 h1:LWA+3kDM8ly001vJ1X1waCuLJdtTl48gwkPKWy9sosI=
github.com/aws/aws-sdk-go-v2/internal/ini v1.3.35/go.mod h1:0Eg1YjxE0Bhn56lx+SHJwCzhW+2JGtizsrx+lCqrfm0=
github.com/aws/aws-sdk-go-v2/internal/ini v1.7.1 h1:uR9lXYjdPX0xY+NhvaJ4dD8rpSRz5VY81ccIIoNG+lw=
github.com/aws/aws-sdk-go-v2/internal/ini v1.7.1/go.mod h1:6fQQgfuGmw8Al/3M2IgIllycxV7ZW7WCdVSqfBeUiCY=
github.com/aws/aws-sdk-go-v2/internal/v4a v1.0.26 h1:wscW+pnn3J1OYnanMnza5ZVYXLX4cKk5rAvUAl4Qu+c=
github.com/aws/aws-sdk-go-v2/internal/v4a v1.0.26/go.mod h1:MtYiox5gvyB+OyP0Mr0Sm/yzbEAIPL9eijj/ouHAPw0=
github.com/aws/aws-sdk-go-v2/internal/v4a v1.2.4 h1:40Q4X5ebZruRtknEZH/bg91sT5pR853F7/1X9QRbI54=
github.com/aws/aws-sdk-go-v2/internal/v4a v1.2.4/go.mod h1:u77N7eEECzUv7F0xl2gcfK/vzc8wcjWobpy+DcrLJ5E=
github.com/aws/aws-sdk-go-v2/service/internal/accept-encoding v1.9.11 h1:y2+VQzC6Zh2ojtV2LoC0MNwHWc6qXv/j2vrQtlftkdA=
github.com/aws/aws-sdk-go-v2/service/internal/accept-encoding v1.9.11/go.mod h1:iV4q2hsqtNECrfmlXyord9u4zyuFEJX9eLgLpSPzWA8=
github.com/aws/aws-sdk-go-v2/service/internal/accept-encoding v1.10.1 h1:rpkF4n0CyFcrJUG/rNNohoTmhtWlFTRI4BsZOh9PvLs=
github.com/aws/aws-sdk-go-v2/service/internal/accept-encoding v1.10.1/go.mod h1:l9ymW25HOqymeU2m1gbUQ3rUIsTwKs8gYHXkqDQUhiI=
github.com/aws/aws-sdk-go-v2/service/internal/checksum v1.1.29 h1:zZSLP3v3riMOP14H7b4XP0uyfREDQOYv2cqIrvTXDNQ=
github.com/aws/aws-sdk-go-v2/service/internal/checksum v1.1.29/go.mod h1:z7EjRjVwZ6pWcWdI2H64dKttvzaP99jRIj5hphW0M5U=
github.com/aws/aws-sdk-go-v2/service/internal/checksum v1.2.4 h1:6DRKQc+9cChgzL5gplRGusI5dBGeiEod4m/pmGbcX48=
github.com/aws/aws-sdk-go-v2/service/internal/checksum v1.2.4/go.mod h1:s8ORvrW4g4v7IvYKIAoBg17w3GQ+XuwXDXYrQ5SkzU0=
github.com/aws/aws-sdk-go-v2/service/internal/presigned-url v1.9.28 h1:bkRyG4a929RCnpVSTvLM2j/T4ls015ZhhYApbmYs15s=
github.com/aws/aws-sdk-go-v2/service/internal/presigned-url v1.9.28/go.mod h1:jj7znCIg05jXlaGBlFMGP8+7UN3VtCkRBG2spnmRQkU=
github.com/aws/aws-sdk-go-v2/service/internal/presigned-url v1.10.4 h1:rdovz3rEu0vZKbzoMYPTehp0E8veoE9AyfzqCr5Eeao=
github.com/aws/aws-sdk-go-v2/service/internal/presigned-url v1.10.4/go.mod h1:aYCGNjyUCUelhofxlZyj63srdxWUSsBSGg5l6MCuXuE=
github.com/aws/aws-sdk-go-v2/service/internal/s3shared v1.14.3 h1:dBL3StFxHtpBzJJ/mNEsjXVgfO+7jR0dAIEwLqMapEA=
github.com/aws/aws-sdk-go-v2/service/internal/s3shared v1.14.3/go.mod h1:f1QyiAsvIv4B49DmCqrhlXqyaR+0IxMmyX+1P+AnzOM=
github.com/aws/aws-sdk-go-v2/service/internal/s3shared v1.16.4 h1:o3DcfCxGDIT20pTbVKVhp3vWXOj/VvgazNJvumWeYW0=
github.com/aws/aws-sdk-go-v2/service/internal/s3shared v1.16.4/go.mod h1:Uy0KVOxuTK2ne+/PKQ+VvEeWmjMMksE17k/2RK/r5oM=
github.com/aws/aws-sdk-go-v2/service/s3 v1.35.0 h1:ya7fmrN2fE7s1P2gaPbNg5MTkERVWfsH8ToP1YC4Z9o=
github.com/aws/aws-sdk-go-v2/service/s3 v1.35.0/go.mod h1:aVbf0sko/TsLWHx30c/uVu7c62+0EAJ3vbxaJga0xCw=
github.com/aws/aws-sdk-go-v2/service/s3 v1.43.1 h1:1w11lfXOa8HoHoSlNtt4mqv/N3HmDOa+OnUH3Y9DHm8=
github.com/aws/aws-sdk-go-v2/service/s3 v1.43.1/go.mod h1:dqJ5JBL0clzgHriH35Amx3LRFY6wNIPUX7QO/BerSBo=
github.com/aws/aws-sdk-go-v2/service/sso v1.12.12 h1:nneMBM2p79PGWBQovYO/6Xnc2ryRMw3InnDJq1FHkSY=
github.com/aws/aws-sdk-go-v2/service/sso v1.12.12/go.mod h1:HuCOxYsF21eKrerARYO6HapNeh9GBNq7fius2AcwodY=
github.com/aws/aws-sdk-go-v2/service/sso v1.17.3 h1:CdsSOGlFF3Pn+koXOIpTtvX7st0IuGsZ8kJqcWMlX54=
github.com/aws/aws-sdk-go-v2/service/sso v1.17.3/go.mod h1:oA6VjNsLll2eVuUoF2D+CMyORgNzPEW/3PyUdq6WQjI=
github.com/aws/aws-sdk-go-v2/service/ssooidc v1.14.12 h1:2qTR7IFk7/0IN/adSFhYu9Xthr0zVFTgBrmPldILn80=
github.com/aws/aws-sdk-go-v2/service/ssooidc v1.14.12/go.mod h1:E4VrHCPzmVB/KFXtqBGKb3c8zpbNBgKe3fisDNLAW5w=
github.com/aws/aws-sdk-go-v2/service/ssooidc v1.20.1 h1:cbRqFTVnJV+KRpwFl76GJdIZJKKCdTPnjUZ7uWh3pIU=
github.com/aws/aws-sdk-go-v2/service/ssooidc v1.20.1/go.mod h1:hHL974p5auvXlZPIjJTblXJpbkfK4klBczlsEaMCGVY=
github.com/aws/aws-sdk-go-v2/service/sts v1.19.2 h1:XFJ2Z6sNUUcAz9poj+245DMkrHE4h2j5I9/xD50RHfE=
github.com/aws/aws-sdk-go-v2/service/sts v1.19.2/go.mod h1:dp0yLPsLBOi++WTxzCjA/oZqi6NPIhoR+uF7GeMU9eg=
github.com/aws/aws-sdk-go-v2/service/sts v1.25.4 h1:yEvZ4neOQ/KpUqyR+X0ycUTW/kVRNR4nDZ38wStHGAA=
github.com/aws/aws-sdk-go-v2/service/sts v1.25.4/go.mod h1:feTnm2Tk/pJxdX+eooEsxvlvTWBvDm6CasRZ+JOs2IY=
github.com/aws/smithy-go v1.13.5 h1:hgz0X/DX0dGqTYpGALqXJoRKRj5oQ7150i5FdTePzO8=
github.com/aws/smithy-go v1.13.5/go.mod h1:Tg+OJXh4MB2R/uN61Ko2f6hTZwB/ZYGOtib8J3gBHzA=
github.com/aws/smithy-go v1.17.0 h1:wWJD7LX6PBV6etBUwO0zElG0nWN9rUhp0WdYeHSHAaI=
github.com/aws/smithy-go v1.17.0/go.mod h1:NukqUGpCZIILqqiV0NIjeFh24kd/FAa4beRb6nbIUPE=
github.com/cenkalti/backoff/v4 v4.2.1 h1:y4OZtCnogmCPw98Zjyt5a6+QwPLGkiQsYW5oUqylYbM=
github.com/cenkalti/backoff/v4 v4.2.1/go.mod h1:Y3VNntkOUPxTVeUxJ/G5vcM//AlwfmyYozVcomhLiZE=
github.com/containerd/continuity v0.4.1 h1:wQnVrjIyQ8vhU2sgOiL5T07jo+ouqc2bnKsv5/EqGhU=
github.com/containerd/continuity v0.4.1/go.mod h1:F6PTNCKepoxEaXLQp3wDAjygEnImnZ/7o4JzpodfroQ=
github.com/containerd/continuity v0.4.3 h1:6HVkalIp+2u1ZLH1J/pYX2oBVXlJZvh1X1A7bEZ9Su8=
github.com/containerd/continuity v0.4.3/go.mod h1:F6PTNCKepoxEaXLQp3wDAjygEnImnZ/7o4JzpodfroQ=
github.com/creack/pty v1.1.18 h1:n56/Zwd5o6whRC5PMGretI4IdRLlmBXYNjScPaBgsbY=
github.com/davecgh/go-spew v1.1.0/go.mod h1:J7Y8YcW2NihsgmVo/mv3lAwl/skON4iLHjSsI+c5H38=
github.com/davecgh/go-spew v1.1.1 h1:vj9j/u1bqnvCEfJOwUhtlOARqs3+rkHYY13jYWTU97c=
github.com/davecgh/go-spew v1.1.1/go.mod h1:J7Y8YcW2NihsgmVo/mv3lAwl/skON4iLHjSsI+c5H38=
github.com/docker/cli v24.0.2+incompatible h1:QdqR7znue1mtkXIJ+ruQMGQhpw2JzMJLRXp6zpzF6tM=
github.com/docker/cli v24.0.2+incompatible/go.mod h1:JLrzqnKDaYBop7H2jaqPtU4hHvMKP+vjCwu2uszcLI8=
github.com/docker/cli v24.0.7+incompatible h1:wa/nIwYFW7BVTGa7SWPVyyXU9lgORqUb1xfI36MSkFg=
github.com/docker/cli v24.0.7+incompatible/go.mod h1:JLrzqnKDaYBop7H2jaqPtU4hHvMKP+vjCwu2uszcLI8=
github.com/docker/docker v24.0.2+incompatible h1:eATx+oLz9WdNVkQrr0qjQ8HvRJ4bOOxfzEo8R+dA3cg=
github.com/docker/docker v24.0.2+incompatible/go.mod h1:eEKB0N0r5NX/I1kEveEz05bcu8tLC/8azJZsviup8Sk=
github.com/docker/docker v24.0.7+incompatible h1:Wo6l37AuwP3JaMnZa226lzVXGA3F9Ig1seQen0cKYlM=
github.com/docker/docker v24.0.7+incompatible/go.mod h1:eEKB0N0r5NX/I1kEveEz05bcu8tLC/8azJZsviup8Sk=
github.com/docker/go-connections v0.4.0 h1:El9xVISelRB7BuFusrZozjnkIM5YnzCViNKohAFqRJQ=
github.com/docker/go-connections v0.4.0/go.mod h1:Gbd7IOopHjR8Iph03tsViu4nIes5XhDvyHbTtUxmeec=
github.com/docker/go-units v0.5.0 h1:69rxXcBk27SvSaaxTtLh/8llcHD8vYHT7WSdRZ/jvr4=
github.com/docker/go-units v0.5.0/go.mod h1:fgPhTUdO+D/Jk86RDLlptpiXQzgHJF7gydDDbaIK4Dk=
github.com/eikenb/pipeat v0.0.0-20210730190139-06b3e6902001 h1:/ZshrfQzayqRSBDodmp3rhNCHJCff+utvgBuWRbiqu4=
github.com/eikenb/pipeat v0.0.0-20210730190139-06b3e6902001/go.mod h1:kltMsfRMTHSFdMbK66XdS8mfMW77+FZA1fGY1xYMF84=
github.com/go-sql-driver/mysql v1.6.0 h1:BCTh4TKNUYmOmMUcQ3IipzF5prigylS7XXjEkfCHuOE=
github.com/gogo/protobuf v1.3.2 h1:Ov1cvc58UF3b5XjBnZv7+opcTcQFZebYjWzi34vdm4Q=
github.com/gogo/protobuf v1.3.2/go.mod h1:P1XiOD3dCwIKUDQYPy72D8LYyHL2YPYrpS2s69NZV8Q=
github.com/google/go-cmp v0.5.8 h1:e6P7q2lk1O+qJJb4BtCQXlK8vWEO8V1ZeuEdJNOqZyg=
github.com/google/go-cmp v0.5.8/go.mod h1:17dUlkBOakJ0+DkrSSNjCkIjxS6bF9zb3elmeNGIjoY=
github.com/google/shlex v0.0.0-20191202100458-e7afc7fbc510 h1:El6M4kTTCOh6aBiKaUGG7oYTSPP8MxqL4YI3kZKwcP4=
github.com/google/shlex v0.0.0-20191202100458-e7afc7fbc510/go.mod h1:pupxD2MaaD3pAXIBCelhxNneeOaAeabZDe5s4K6zSpQ=
github.com/imdario/mergo v0.3.16 h1:wwQJbIsHYGMUyLSPrEq1CT16AhnhNJQ51+4fdHUnCl4=
github.com/imdario/mergo v0.3.16/go.mod h1:WBLT9ZmE3lPoWsEzCh9LPo3TiwVN+ZKEjmz+hD27ysY=
github.com/jmespath/go-jmespath v0.4.0 h1:BEgLn5cpjn8UN1mAw4NjwDrS35OdebyEtFe+9YPoQUg=
github.com/jmespath/go-jmespath v0.4.0/go.mod h1:T8mJZnbsbmF+m6zOOFylbeCJqk5+pHWvzYPziyZiYoo=
github.com/jmespath/go-jmespath/internal/testify v1.5.1 h1:shLQSRRSCCPj3f2gpwzGwWFoC7ycTf1rcQZHOlsJ6N8=
github.com/jmespath/go-jmespath/internal/testify v1.5.1/go.mod h1:L3OGu8Wl2/fWfCI6z80xFu9LTZmf1ZRjMHUOPmWr69U=
github.com/kisielk/errcheck v1.5.0/go.mod h1:pFxgyoBC7bSaBwPgfKdkLd5X25qrDl4LWUI2bnpBCr8=
github.com/kisielk/gotool v1.0.0/go.mod h1:XhKaO+MFFWcvkIS/tQcRk01m1F5IRFswLeQ+oQHNcck=
github.com/lib/pq v0.0.0-20180327071824-d34b9ff171c2 h1:hRGSmZu7j271trc9sneMrpOW7GN5ngLm8YUZIPzf394=
github.com/mitchellh/mapstructure v1.5.0 h1:jeMsZIYE/09sWLaz43PL7Gy6RuMjD2eJVyuac5Z2hdY=
github.com/mitchellh/mapstructure v1.5.0/go.mod h1:bFUtVrKA4DC2yAKiSyO/QUcy7e+RRV2QTWOzhPopBRo=
github.com/moby/term v0.5.0 h1:xt8Q1nalod/v7BqbG21f8mQPqH+xAaC9C3N3wfWbVP0=
github.com/moby/term v0.5.0/go.mod h1:8FzsFHVUBGZdbDsJw/ot+X+d5HLUbvklYLJ9uGfcI3Y=
github.com/opencontainers/go-digest v1.0.0 h1:apOUWs51W5PlhuyGyz9FCeeBIOUDA/6nW8Oi/yOhh5U=
github.com/opencontainers/go-digest v1.0.0/go.mod h1:0JzlMkj0TRzQZfJkVvzbP0HBR3IKzErnv2BNG4W4MAM=
github.com/opencontainers/image-spec v1.0.2 h1:9yCKha/T5XdGtO0q9Q9a6T5NUCsTn/DrBg0D7ufOcFM=
github.com/opencontainers/image-spec v1.0.2/go.mod h1:BtxoFyWECRxE4U/7sNtV5W15zMzWCbyJoFRP3s7yZA0=
github.com/opencontainers/runc v1.1.7 h1:y2EZDS8sNng4Ksf0GUYNhKbTShZJPJg1FiXJNH/uoCk=
github.com/opencontainers/runc v1.1.7/go.mod h1:CbUumNnWCuTGFukNXahoo/RFBZvDAgRh/smNYNOhA50=
github.com/opencontainers/runc v1.1.10 h1:EaL5WeO9lv9wmS6SASjszOeQdSctvpbu0DdBQBizE40=
github.com/opencontainers/runc v1.1.10/go.mod h1:+/R6+KmDlh+hOO8NkjmgkG9Qzvypzk0yXxAPYYR65+M=
github.com/ory/dockertest/v3 v3.10.0 h1:4K3z2VMe8Woe++invjaTB7VRyQXQy5UY+loujO4aNE4=
github.com/ory/dockertest/v3 v3.10.0/go.mod h1:nr57ZbRWMqfsdGdFNLHz5jjNdDb7VVFnzAeW1n5N1Lg=
github.com/pkg/errors v0.9.1 h1:FEBLx1zS214owpjy7qsBeixbURkuhQAwrK5UwLGTwt4=
github.com/pkg/errors v0.9.1/go.mod h1:bwawxfHBFNV+L2hUp1rHADufV3IMtnDRdf1r5NINEl0=
github.com/pmezard/go-difflib v1.0.0 h1:4DBwDE0NGyQoBHbLQYPwSUPoCMWR5BEzIk/f1lZbAQM=
github.com/pmezard/go-difflib v1.0.0/go.mod h1:iKH77koFhYxTK1pcRnkKkqfTogsbg7gZNVY4sRDYZ/4=
github.com/sirupsen/logrus v1.9.3 h1:dueUQJ1C2q9oE3F7wvmSGAaVtTmUizReu6fjN8uqzbQ=
github.com/sirupsen/logrus v1.9.3/go.mod h1:naHLuLoDiP4jHNo9R0sCBMtWGeIprob74mVsIT4qYEQ=
github.com/stretchr/objx v0.1.0/go.mod h1:HFkY916IF+rwdDfMAkV7OtwuqBVzrE8GR6GFx+wExME=
github.com/stretchr/testify v1.3.0/go.mod h1:M5WIy9Dh21IEIfnGCwXGc5bZfKNJtfHm1UVUgZn+9EI=
github.com/stretchr/testify v1.7.0/go.mod h1:6Fq8oRcR53rry900zMqJjRRixrwX3KX962/h/Wwjteg=
github.com/stretchr/testify v1.8.4 h1:CcVxjf3Q8PM0mHUKJCdn+eZZtm5yQwehR5yeSVQQcUk=
github.com/stretchr/testify v1.8.4/go.mod h1:sz/lmYIOXD/1dqDmKjjqLyZ2RngseejIcXlSw2iwfAo=
github.com/xeipuuv/gojsonpointer v0.0.0-20180127040702-4e3ac2762d5f/go.mod h1:N2zxlSyiKSe5eX1tZViRH5QA0qijqEDrYZiPEAiq3wU=
github.com/xeipuuv/gojsonpointer v0.0.0-20190905194746-02993c407bfb h1:zGWFAtiMcyryUHoUjUJX0/lt1H2+i2Ka2n+D3DImSNo=
github.com/xeipuuv/gojsonpointer v0.0.0-20190905194746-02993c407bfb/go.mod h1:N2zxlSyiKSe5eX1tZViRH5QA0qijqEDrYZiPEAiq3wU=
github.com/xeipuuv/gojsonreference v0.0.0-20180127040603-bd5ef7bd5415 h1:EzJWgHovont7NscjpAxXsDA8S8BMYve8Y5+7cuRE7R0=
github.com/xeipuuv/gojsonreference v0.0.0-20180127040603-bd5ef7bd5415/go.mod h1:GwrjFmJcFw6At/Gs6z4yjiIwzuJ1/+UwLxMQDVQXShQ=
github.com/xeipuuv/gojsonschema v1.2.0 h1:LhYJRs+L4fBtjZUfuSZIKGeVu0QRy8e5Xi7D17UxZ74=
github.com/xeipuuv/gojsonschema v1.2.0/go.mod h1:anYRn/JVcOK2ZgGU+IjEV4nwlhoK5sQluxsYJ78Id3Y=
github.com/yuin/goldmark v1.1.27/go.mod h1:3hX8gzYuyVAZsxl0MRgGTJEmQBFcNTphYh9decYSb74=
github.com/yuin/goldmark v1.2.1/go.mod h1:3hX8gzYuyVAZsxl0MRgGTJEmQBFcNTphYh9decYSb74=
golang.org/x/crypto v0.0.0-20190308221718-c2843e01d9a2/go.mod h1:djNgcEr1/C05ACkg1iLfiJU5Ep61QUkGW8qpdssI0+w=
golang.org/x/crypto v0.0.0-20191011191535-87dc89f01550/go.mod h1:yigFU9vqHzYiE8UmvKecakEJjdnWj3jj499lnFckfCI=
golang.org/x/crypto v0.0.0-20200622213623-75b288015ac9/go.mod h1:LzIPMQfyMNhhGPhUkYOs5KpL4U8rLKemX1yGLhDgUto=
golang.org/x/mod v0.2.0/go.mod h1:s0Qsj1ACt9ePp/hMypM3fl4fZqREWJwdYDEqhRiZZUA=
golang.org/x/mod v0.3.0/go.mod h1:s0Qsj1ACt9ePp/hMypM3fl4fZqREWJwdYDEqhRiZZUA=
golang.org/x/mod v0.11.0 h1:bUO06HqtnRcc/7l71XBe4WcqTZ+3AH1J59zWDDwLKgU=
golang.org/x/mod v0.11.0/go.mod h1:iBbtSCu2XBx23ZKBPSOrRkjjQPZFPuis4dIYUhu/chs=
golang.org/x/mod v0.14.0 h1:dGoOF9QVLYng8IHTm7BAyWqCqSheQ5pYWGhzW00YJr0=
golang.org/x/mod v0.14.0/go.mod h1:hTbmBsO62+eylJbnUtE2MGJUyE7QWk4xUqPFrRgJ+7c=
golang.org/x/net v0.0.0-20190404232315-eb5bcb51f2a3/go.mod h1:t9HGtf8HONx5eT2rtn7q6eTqICYqUVnKs3thJo3Qplg=
golang.org/x/net v0.0.0-20190620200207-3b0461eec859/go.mod h1:z5CRVTTTmAJ677TzLLGU+0bjPO0LkuOLi4/5GtJWs/s=
golang.org/x/net v0.0.0-20200226121028-0de0cce0169b/go.mod h1:z5CRVTTTmAJ677TzLLGU+0bjPO0LkuOLi4/5GtJWs/s=
golang.org/x/net v0.0.0-20201021035429-f5854403a974/go.mod h1:sp8m0HH+o8qH0wwXwYZr8TS3Oi6o0r6Gce1SSxlDquU=
golang.org/x/sync v0.0.0-20190423024810-112230192c58/go.mod h1:RxMgew5VJxzue5/jJTE5uejpjVlOe/izrB70Jof72aM=
golang.org/x/sync v0.0.0-20190911185100-cd5d95a43a6e/go.mod h1:RxMgew5VJxzue5/jJTE5uejpjVlOe/izrB70Jof72aM=
golang.org/x/sync v0.0.0-20201020160332-67f06af15bc9/go.mod h1:RxMgew5VJxzue5/jJTE5uejpjVlOe/izrB70Jof72aM=
golang.org/x/sync v0.3.0 h1:ftCYgMx6zT/asHUrPw8BLLscYtGznsLAnjq5RH9P66E=
golang.org/x/sys v0.0.0-20190215142949-d0b11bdaac8a/go.mod h1:STP8DvDyc/dI5b8T5hshtkjS+E42TnysNCUPdjciGhY=
golang.org/x/sys v0.0.0-20190412213103-97732733099d/go.mod h1:h1NjWce9XRLGQEsW7wpKNCjG9DtNlClVuFLEZdDNbEs=
golang.org/x/sys v0.0.0-20200930185726-fdedc70b468f/go.mod h1:h1NjWce9XRLGQEsW7wpKNCjG9DtNlClVuFLEZdDNbEs=
golang.org/x/sys v0.0.0-20210601080250-7ecdf8ef093b/go.mod h1:oPkhp1MJrh7nUepCBck5+mAzfO9JrbApNNgaTdGDITg=
golang.org/x/sys v0.0.0-20210616094352-59db8d763f22/go.mod h1:oPkhp1MJrh7nUepCBck5+mAzfO9JrbApNNgaTdGDITg=
golang.org/x/sys v0.0.0-20220715151400-c0bba94af5f8/go.mod h1:oPkhp1MJrh7nUepCBck5+mAzfO9JrbApNNgaTdGDITg=
golang.org/x/sys v0.9.0 h1:KS/R3tvhPqvJvwcKfnBHJwwthS11LRhmM5D59eEXa0s=
golang.org/x/sys v0.9.0/go.mod h1:oPkhp1MJrh7nUepCBck5+mAzfO9JrbApNNgaTdGDITg=
golang.org/x/sys v0.14.0 h1:Vz7Qs629MkJkGyHxUlRHizWJRG2j8fbQKjELVSNhy7Q=
golang.org/x/sys v0.14.0/go.mod h1:/VUhepiaJMQUp4+oa/7Zr1D23ma6VTLIYjOOTFZPUcA=
golang.org/x/text v0.3.0/go.mod h1:NqM8EUOU14njkJ3fqMW+pc6Ldnwhi/IjpwHt7yyuwOQ=
golang.org/x/text v0.3.3/go.mod h1:5Zoc/QRtKVWzQhOtBMvqHzDpF6irO9z98xDceosuGiQ=
golang.org/x/tools v0.0.0-20180917221912-90fa682c2a6e/go.mod h1:n7NCudcB/nEzxVGmLbDWY5pfWTLqBcC2KZ6jyYvM4mQ=
golang.org/x/tools v0.0.0-20191119224855-298f0cb1881e/go.mod h1:b+2E5dAYhXwXZwtnZ6UAqBI28+e2cm9otk0dWdXHAEo=
golang.org/x/tools v0.0.0-20200619180055-7c47624df98f/go.mod h1:EkVYQZoAsY45+roYkvgYkIh4xh/qjgUK9TdY2XT94GE=
golang.org/x/tools v0.0.0-20210106214847-113979e3529a/go.mod h1:emZCQorbCU4vsT4fOWvOPXz4eW1wZW4PmDk9uLelYpA=
golang.org/x/tools v0.10.0 h1:tvDr/iQoUqNdohiYm0LmmKcBk+q86lb9EprIUFhHHGg=
golang.org/x/tools v0.10.0/go.mod h1:UJwyiVBsOA2uwvK/e5OY3GTpDUJriEd+/YlqAwLPmyM=
golang.org/x/tools v0.15.0 h1:zdAyfUGbYmuVokhzVmghFl2ZJh5QhcfebBgmVPFYA+8=
golang.org/x/tools v0.15.0/go.mod h1:hpksKq4dtpQWS1uQ61JkdqWM3LscIS6Slf+VVkm+wQk=
golang.org/x/xerrors v0.0.0-20190717185122-a985d3407aa7/go.mod h1:I/5z698sn9Ka8TeJc9MKroUUfqBBauWjQqLJ2OPfmY0=
golang.org/x/xerrors v0.0.0-20191011141410-1b5146add898/go.mod h1:I/5z698sn9Ka8TeJc9MKroUUfqBBauWjQqLJ2OPfmY0=
golang.org/x/xerrors v0.0.0-20191204190536-9bdfabe68543/go.mod h1:I/5z698sn9Ka8TeJc9MKroUUfqBBauWjQqLJ2OPfmY0=
golang.org/x/xerrors v0.0.0-20200804184101-5ec99f83aff1/go.mod h1:I/5z698sn9Ka8TeJc9MKroUUfqBBauWjQqLJ2OPfmY0=
gopkg.in/check.v1 v0.0.0-20161208181325-20d25e280405 h1:yhCVgyC4o1eVCa2tZl7eS0r+SDo693bJlVdllGtEeKM=
gopkg.in/check.v1 v0.0.0-20161208181325-20d25e280405/go.mod h1:Co6ibVJAznAaIkqp8huTwlJQCZ016jof/cbN4VW5Yz0=
gopkg.in/yaml.v2 v2.2.8/go.mod h1:hI93XBmqTisBFMUTm0b8Fm+jr3Dg1NNxqwp+5A1VGuI=
gopkg.in/yaml.v2 v2.4.0 h1:D8xgwECY7CYvx+Y2n4sBz93Jn9JRvxdiyyo8CTfuKaY=
gopkg.in/yaml.v2 v2.4.0/go.mod h1:RDklbk79AGWmwhnvt/jBztapEOGDOx6ZbXqjP6csGnQ=
gopkg.in/yaml.v3 v3.0.0-20200313102051-9f266ea9e77c/go.mod h1:K4uyk7z7BCEPqu6E+C64Yfv1cQ7kz7rIZviUmN+EgEM=
gopkg.in/yaml.v3 v3.0.1 h1:fxVm/GzAzEWqLHuvctI91KS9hhNmmWOoWu0XTYJS7CA=
gopkg.in/yaml.v3 v3.0.1/go.mod h1:K4uyk7z7BCEPqu6E+C64Yfv1cQ7kz7rIZviUmN+EgEM=
gotest.tools/v3 v3.3.0 h1:MfDY1b1/0xN1CyMlQDac0ziEy9zJQd9CXBRRDHw2jJo=
